
Microsoft Visual Studio Solution File, Format Version 12.00
# Visual Studio Version 16
VisualStudioVersion = 16.0.30503.244
MinimumVisualStudioVersion = 10.0.40219.1
Project("{8BC9CEB8-8B4A-11D0-8D11-00A0C91BC942}") = "LeetCode", "LeetCode\LeetCode.vcxproj", "{7B25ECB1-EB9A-4ADD-8B82-02D74D20106F}"
EndProject
Global
	GlobalSection(SolutionConfigurationPlatforms) = preSolution
		Debug|x64 = Debug|x64
		Debug|x86 = Debug|x86
		Release|x64 = Release|x64
		Release|x86 = Release|x86
	EndGlobalSection
	GlobalSection(ProjectConfigurationPlatforms) = postSolution
		{7B25ECB1-EB9A-4ADD-8B82-02D74D20106F}.Debug|x64.ActiveCfg = Debug|x64
		{7B25ECB1-EB9A-4ADD-8B82-02D74D20106F}.Debug|x64.Build.0 = Debug|x64
		{7B25ECB1-EB9A-4ADD-8B82-02D74D20106F}.Debug|x86.ActiveCfg = Debug|Win32
		{7B25ECB1-EB9A-4ADD-8B82-02D74D20106F}.Debug|x86.Build.0 = Debug|Win32
		{7B25ECB1-EB9A-4ADD-8B82-02D74D20106F}.Release|x64.ActiveCfg = Release|x64
		{7B25ECB1-EB9A-4ADD-8B82-02D74D20106F}.Release|x64.Build.0 = Release|x64
		{7B25ECB1-EB9A-4ADD-8B82-02D74D20106F}.Release|x86.ActiveCfg = Release|Win32
		{7B25ECB1-EB9A-4ADD-8B82-02D74D20106F}.Release|x86.Build.0 = Release|Win32
	EndGlobalSection
	GlobalSection(SolutionProperties) = preSolution
		HideSolutionNode = FALSE
	EndGlobalSection
	GlobalSection(ExtensibilityGlobals) = postSolution
		SolutionGuid = {ED1C7207-9DB3-4691-911B-B65EE47636BD}
	EndGlobalSection
EndGlobal
